
Microsoft Visual Studio Solution File, Format Version 12.00
# Visual Studio Version 16
VisualStudioVersion = 16.0.30717.126
MinimumVisualStudioVersion = 10.0.40219.1
Project("{FAE04EC0-301F-11D3-BF4B-00C04F79EFBC}") = "QuizAppWPF", "QuizAppWPF.csproj", "{61D276C3-5C43-48F3-9AB1-7908642A0C52}"
EndProject
Project("{9A19103F-16F7-4668-BE54-9A1E7A4F7556}") = "GlobalMethods.Test", "..\GlobalMethods.Test\GlobalMethods.Test\GlobalMethods.Test.csproj", "{885642AE-A7A9-48FA-9E3E-4BD9E904F556}"
EndProject
Project("{FAE04EC0-301F-11D3-BF4B-00C04F79EFBC}") = "EscolherNumeroPerguntas_Tests", "..\EscolherNumeroPerguntas_Tests\EscolherNumeroPerguntas_Tests.csproj", "{C94C03A0-36B0-4D0B-AA04-2A1D3DB7A3AA}"
EndProject
Global
	GlobalSection(SolutionConfigurationPlatforms) = preSolution
		Debug|Any CPU = Debug|Any CPU
		Release|Any CPU = Release|Any CPU
	EndGlobalSection
	GlobalSection(ProjectConfigurationPlatforms) = postSolution
		{61D276C3-5C43-48F3-9AB1-7908642A0C52}.Debug|Any CPU.ActiveCfg = Debug|Any CPU
		{61D276C3-5C43-48F3-9AB1-7908642A0C52}.Debug|Any CPU.Build.0 = Debug|Any CPU
		{61D276C3-5C43-48F3-9AB1-7908642A0C52}.Release|Any CPU.ActiveCfg = Release|Any CPU
		{61D276C3-5C43-48F3-9AB1-7908642A0C52}.Release|Any CPU.Build.0 = Release|Any CPU
		{885642AE-A7A9-48FA-9E3E-4BD9E904F556}.Debug|Any CPU.ActiveCfg = Debug|Any CPU
		{885642AE-A7A9-48FA-9E3E-4BD9E904F556}.Debug|Any CPU.Build.0 = Debug|Any CPU
		{885642AE-A7A9-48FA-9E3E-4BD9E904F556}.Release|Any CPU.ActiveCfg = Release|Any CPU
		{885642AE-A7A9-48FA-9E3E-4BD9E904F556}.Release|Any CPU.Build.0 = Release|Any CPU
		{C94C03A0-36B0-4D0B-AA04-2A1D3DB7A3AA}.Debug|Any CPU.ActiveCfg = Debug|Any CPU
		{C94C03A0-36B0-4D0B-AA04-2A1D3DB7A3AA}.Debug|Any CPU.Build.0 = Debug|Any CPU
		{C94C03A0-36B0-4D0B-AA04-2A1D3DB7A3AA}.Release|Any CPU.ActiveCfg = Release|Any CPU
		{C94C03A0-36B0-4D0B-AA04-2A1D3DB7A3AA}.Release|Any CPU.Build.0 = Release|Any CPU
	EndGlobalSection
	GlobalSection(SolutionProperties) = preSolution
		HideSolutionNode = FALSE
	EndGlobalSection
	GlobalSection(ExtensibilityGlobals) = postSolution
		SolutionGuid = {5F6CF19A-D078-411A-BDE6-C195AC5A2C94}
	EndGlobalSection
EndGlobal
